PODS:
  - AppAuth (1.0.0):
    - AppAuth/Core (= 1.0.0)
    - AppAuth/ExternalUserAgent (= 1.0.0)
  - AppAuth/Core (1.0.0)
  - AppAuth/ExternalUserAgent (1.0.0)

DEPENDENCIES:
  - AppAuth (>= 0.94)

SPEC REPOS:
  https://github.com/cocoapods/specs.git:
    - AppAuth

SPEC CHECKSUMS:
  AppAuth: c42547576838bf025b852736dd9b8a1c943fe68f

PODFILE CHECKSUM: 28c8801c0db4354b7237d5fdaa3b3efe496df401

COCOAPODS: 1.7.4
