PODS:
  - AppAuth (1.0.0):
    - AppAuth/Core (= 1.0.0)
    - AppAuth/ExternalUserAgent (= 1.0.0)
  - AppAuth/Core (1.0.0)
  - AppAuth/ExternalUserAgent (1.0.0)
  - CouchbaseLite-Swift (2.5.3)
  - Flutter (1.0.0)
  - flutter_appauth (0.0.1):
    - AppAuth (= 1.0)
    - Flutter
  - fluttercouch (0.0.1):
    - CouchbaseLite-Swift (~> 2.5.1)
    - Flutter
  - simple_auth_flutter (0.0.1):
    - Flutter

DEPENDENCIES:
  - Flutter (from `.symlinks/flutter/ios`)
  - flutter_appauth (from `.symlinks/plugins/flutter_appauth/ios`)
  - fluttercouch (from `.symlinks/plugins/fluttercouch/ios`)
  - simple_auth_flutter (from `.symlinks/plugins/simple_auth_flutter/ios`)

SPEC REPOS:
  https://github.com/cocoapods/specs.git:
    - AppAuth
    - CouchbaseLite-Swift

EXTERNAL SOURCES:
  Flutter:
    :path: ".symlinks/flutter/ios"
  flutter_appauth:
    :path: ".symlinks/plugins/flutter_appauth/ios"
  fluttercouch:
    :path: ".symlinks/plugins/fluttercouch/ios"
  simple_auth_flutter:
    :path: ".symlinks/plugins/simple_auth_flutter/ios"

SPEC CHECKSUMS:
  AppAuth: c42547576838bf025b852736dd9b8a1c943fe68f
  CouchbaseLite-Swift: 39a36c5191768c97c3ddcf4feb3ef9ef07bd027a
  Flutter: 58dd7d1b27887414a370fcccb9e645c08ffd7a6a
  flutter_appauth: 703177ded3b7dc65650478cd1ca9bce73c800cd6
  fluttercouch: 77ece6ec478dbcfd800a3380a5601f5ccb573ce5
  simple_auth_flutter: ec585a6e96b415247120df0a33af43dc1d2a5839

PODFILE CHECKSUM: 777e7f6cb26481ecbb0854a71b3cf93d037a6be6

COCOAPODS: 1.7.3
