PODS:
  - AppAuth (1.2.0):
    - AppAuth/Core (= 1.2.0)
    - AppAuth/ExternalUserAgent (= 1.2.0)
  - AppAuth/Core (1.2.0)
  - AppAuth/ExternalUserAgent (1.2.0)
  - CouchbaseLite-Swift (2.6.3)
  - Flutter (1.0.0)
  - flutter_appauth (0.0.1):
    - AppAuth (= 1.2.0)
    - Flutter
  - fluttercouch (0.0.1):
    - CouchbaseLite-Swift (~> 2.6.3)
    - Flutter
  - simple_auth_flutter (0.0.1):
    - Flutter
  - url_launcher (0.0.1):
    - Flutter

DEPENDENCIES:
  - Flutter (from `.symlinks/flutter/ios`)
  - flutter_appauth (from `.symlinks/plugins/flutter_appauth/ios`)
  - fluttercouch (from `.symlinks/plugins/fluttercouch/ios`)
  - simple_auth_flutter (from `.symlinks/plugins/simple_auth_flutter/ios`)
  - url_launcher (from `.symlinks/plugins/url_launcher/ios`)

SPEC REPOS:
  trunk:
    - AppAuth
    - CouchbaseLite-Swift

EXTERNAL SOURCES:
  Flutter:
    :path: ".symlinks/flutter/ios"
  flutter_appauth:
    :path: ".symlinks/plugins/flutter_appauth/ios"
  fluttercouch:
    :path: ".symlinks/plugins/fluttercouch/ios"
  simple_auth_flutter:
    :path: ".symlinks/plugins/simple_auth_flutter/ios"
  url_launcher:
    :path: ".symlinks/plugins/url_launcher/ios"

SPEC CHECKSUMS:
  AppAuth: bce82c76043657c99d91e7882e8a9e1a93650cd4
  CouchbaseLite-Swift: af73817c4db5222f01de6e59196dcf6389bd51a2
  Flutter: 0e3d915762c693b495b44d77113d4970485de6ec
  flutter_appauth: df12d7d65012a380f1ab11311866cfcbfd55370f
  fluttercouch: a09d4937668b54a2fa54e6c271df15f59d2104ba
  simple_auth_flutter: ec585a6e96b415247120df0a33af43dc1d2a5839
  url_launcher: a1c0cc845906122c4784c542523d8cacbded5626

PODFILE CHECKSUM: 777e7f6cb26481ecbb0854a71b3cf93d037a6be6

COCOAPODS: 1.8.4
